
Microsoft Visual Studio Solution File, Format Version 12.00
# Visual Studio 15
VisualStudioVersion = 15.0.28010.2003
MinimumVisualStudioVersion = 10.0.40219.1
Project("{9A19103F-16F7-4668-BE54-9A1E7A4F7556}") = "QuizMaster.API", "QuizMaster.API\QuizMaster.API.csproj", "{7399E86E-C5ED-4249-AEA5-ED61821A5C11}"
EndProject
Project("{9A19103F-16F7-4668-BE54-9A1E7A4F7556}") = "QuizMaster.Shared", "QuizMaster.Shared\QuizMaster.Shared.csproj", "{2A87B687-FABD-423C-93F6-0E42199671E0}"
EndProject
Project("{9A19103F-16F7-4668-BE54-9A1E7A4F7556}") = "QuizMaster.API.Services", "QuizMaster.API.Services\QuizMaster.API.Services.csproj", "{D426ECF0-5573-4AFC-9880-7E5EB1C72459}"
EndProject
Project("{FAE04EC0-301F-11D3-BF4B-00C04F79EFBC}") = "HelloSignalR", "HelloSignalR\HelloSignalR.csproj", "{40A31FAB-624D-4DF1-9386-6731FB6BB5BD}"
EndProject
Project("{FAE04EC0-301F-11D3-BF4B-00C04F79EFBC}") = "QuizMaster.SocketApp", "QuizMaster.SocketApp\QuizMaster.SocketApp.csproj", "{8CC433B2-8D08-4CC0-954B-F35A9CC8FD6D}"
EndProject
Project("{FAE04EC0-301F-11D3-BF4B-00C04F79EFBC}") = "QuizMaster.SocketApp.Services", "QuizMaster.SocketApp.Services\QuizMaster.SocketApp.Services.csproj", "{4083C502-94A2-472C-9206-1857C2847399}"
EndProject
Global
	GlobalSection(SolutionConfigurationPlatforms) = preSolution
		Debug|Any CPU = Debug|Any CPU
		Release|Any CPU = Release|Any CPU
	EndGlobalSection
	GlobalSection(ProjectConfigurationPlatforms) = postSolution
		{7399E86E-C5ED-4249-AEA5-ED61821A5C11}.Debug|Any CPU.ActiveCfg = Debug|Any CPU
		{7399E86E-C5ED-4249-AEA5-ED61821A5C11}.Debug|Any CPU.Build.0 = Debug|Any CPU
		{7399E86E-C5ED-4249-AEA5-ED61821A5C11}.Release|Any CPU.ActiveCfg = Release|Any CPU
		{7399E86E-C5ED-4249-AEA5-ED61821A5C11}.Release|Any CPU.Build.0 = Release|Any CPU
		{2A87B687-FABD-423C-93F6-0E42199671E0}.Debug|Any CPU.ActiveCfg = Debug|Any CPU
		{2A87B687-FABD-423C-93F6-0E42199671E0}.Debug|Any CPU.Build.0 = Debug|Any CPU
		{2A87B687-FABD-423C-93F6-0E42199671E0}.Release|Any CPU.ActiveCfg = Release|Any CPU
		{2A87B687-FABD-423C-93F6-0E42199671E0}.Release|Any CPU.Build.0 = Release|Any CPU
		{D426ECF0-5573-4AFC-9880-7E5EB1C72459}.Debug|Any CPU.ActiveCfg = Debug|Any CPU
		{D426ECF0-5573-4AFC-9880-7E5EB1C72459}.Debug|Any CPU.Build.0 = Debug|Any CPU
		{D426ECF0-5573-4AFC-9880-7E5EB1C72459}.Release|Any CPU.ActiveCfg = Release|Any CPU
		{D426ECF0-5573-4AFC-9880-7E5EB1C72459}.Release|Any CPU.Build.0 = Release|Any CPU
		{40A31FAB-624D-4DF1-9386-6731FB6BB5BD}.Debug|Any CPU.ActiveCfg = Debug|Any CPU
		{40A31FAB-624D-4DF1-9386-6731FB6BB5BD}.Debug|Any CPU.Build.0 = Debug|Any CPU
		{40A31FAB-624D-4DF1-9386-6731FB6BB5BD}.Release|Any CPU.ActiveCfg = Release|Any CPU
		{40A31FAB-624D-4DF1-9386-6731FB6BB5BD}.Release|Any CPU.Build.0 = Release|Any CPU
		{8CC433B2-8D08-4CC0-954B-F35A9CC8FD6D}.Debug|Any CPU.ActiveCfg = Debug|Any CPU
		{8CC433B2-8D08-4CC0-954B-F35A9CC8FD6D}.Debug|Any CPU.Build.0 = Debug|Any CPU
		{8CC433B2-8D08-4CC0-954B-F35A9CC8FD6D}.Release|Any CPU.ActiveCfg = Release|Any CPU
		{8CC433B2-8D08-4CC0-954B-F35A9CC8FD6D}.Release|Any CPU.Build.0 = Release|Any CPU
		{4083C502-94A2-472C-9206-1857C2847399}.Debug|Any CPU.ActiveCfg = Debug|Any CPU
		{4083C502-94A2-472C-9206-1857C2847399}.Debug|Any CPU.Build.0 = Debug|Any CPU
		{4083C502-94A2-472C-9206-1857C2847399}.Release|Any CPU.ActiveCfg = Release|Any CPU
		{4083C502-94A2-472C-9206-1857C2847399}.Release|Any CPU.Build.0 = Release|Any CPU
	EndGlobalSection
	GlobalSection(SolutionProperties) = preSolution
		HideSolutionNode = FALSE
	EndGlobalSection
	GlobalSection(ExtensibilityGlobals) = postSolution
		SolutionGuid = {615491F6-C572-47EF-9BC3-68F1F9187476}
	EndGlobalSection
EndGlobal
